// !$*UTF8*$!
{
	archiveVersion = 1;
	classes = {
	};
	objectVersion = 56;
	objects = {

/* Begin PBXBuildFile section */
		E6BEED9EFE043FE9510F7BD3 /* Pods_GitHub_Followers.framework in Frameworks */ = {isa = PBXBuildFile; fileRef = 579E74ECA3EA8CE099A64C0F /* Pods_GitHub_Followers.framework */; };
		FB83AB532948DDA400B292D3 /* FollowerListVC.swift in Sources */ = {isa = PBXBuildFile; fileRef = FB83AB522948DDA400B292D3 /* FollowerListVC.swift */; };
		FBB2DF102948BC41005F1134 /* AppDelegate.swift in Sources */ = {isa = PBXBuildFile; fileRef = FBB2DF0F2948BC41005F1134 /* AppDelegate.swift */; };
		FBB2DF122948BC41005F1134 /* SceneDelegate.swift in Sources */ = {isa = PBXBuildFile; fileRef = FBB2DF112948BC41005F1134 /* SceneDelegate.swift */; };
		FBB2DF192948BC43005F1134 /* Assets.xcassets in Resources */ = {isa = PBXBuildFile; fileRef = FBB2DF182948BC43005F1134 /* Assets.xcassets */; };
		FBB2DF1C2948BC43005F1134 /* LaunchScreen.storyboard in Resources */ = {isa = PBXBuildFile; fileRef = FBB2DF1A2948BC43005F1134 /* LaunchScreen.storyboard */; };
		FBB2DF242948C4DB005F1134 /* SearchVC.swift in Sources */ = {isa = PBXBuildFile; fileRef = FBB2DF232948C4DB005F1134 /* SearchVC.swift */; };
		FBB2DF262948C511005F1134 /* FavoritesListVC.swift in Sources */ = {isa = PBXBuildFile; fileRef = FBB2DF252948C511005F1134 /* FavoritesListVC.swift */; };
		FBB2DF292948C5E0005F1134 /* UITabBarController.swift in Sources */ = {isa = PBXBuildFile; fileRef = FBB2DF282948C5DF005F1134 /* UITabBarController.swift */; };
		FBB2DF2B2948C67D005F1134 /* UINavigationController.swift in Sources */ = {isa = PBXBuildFile; fileRef = FBB2DF2A2948C67D005F1134 /* UINavigationController.swift */; };
		FBB2DF2E2948CA49005F1134 /* GFButton.swift in Sources */ = {isa = PBXBuildFile; fileRef = FBB2DF2D2948CA49005F1134 /* GFButton.swift */; };
		FBB2DF302948CDA7005F1134 /* GFTextField.swift in Sources */ = {isa = PBXBuildFile; fileRef = FBB2DF2F2948CDA7005F1134 /* GFTextField.swift */; };
/* End PBXBuildFile section */

/* Begin PBXFileReference section */
		579E74ECA3EA8CE099A64C0F /* Pods_GitHub_Followers.framework */ = {isa = PBXFileReference; explicitFileType = wrapper.framework; includeInIndex = 0; path = Pods_GitHub_Followers.framework; sourceTree = BUILT_PRODUCTS_DIR; };
		5FF768EA36BE7AA24C24D698 /* Pods-GitHub-Followers.debug.xcconfig */ = {isa = PBXFileReference; includeInIndex = 1; lastKnownFileType = text.xcconfig; name = "Pods-GitHub-Followers.debug.xcconfig"; path = "Target Support Files/Pods-GitHub-Followers/Pods-GitHub-Followers.debug.xcconfig"; sourceTree = "<group>"; };
		A2ABC3647FBDE21D3BB7AEF2 /* Pods-GitHub-Followers.release.xcconfig */ = {isa = PBXFileReference; includeInIndex = 1; lastKnownFileType = text.xcconfig; name = "Pods-GitHub-Followers.release.xcconfig"; path = "Target Support Files/Pods-GitHub-Followers/Pods-GitHub-Followers.release.xcconfig"; sourceTree = "<group>"; };
		FB83AB522948DDA400B292D3 /* FollowerListVC.swift */ = {isa = PBXFileReference; lastKnownFileType = sourcecode.swift; path = FollowerListVC.swift; sourceTree = "<group>"; };
		FBB2DF0C2948BC41005F1134 /* GitHub-Followers.app */ = {isa = PBXFileReference; explicitFileType = wrapper.application; includeInIndex = 0; path = "GitHub-Followers.app"; sourceTree = BUILT_PRODUCTS_DIR; };
		FBB2DF0F2948BC41005F1134 /* AppDelegate.swift */ = {isa = PBXFileReference; lastKnownFileType = sourcecode.swift; path = AppDelegate.swift; sourceTree = "<group>"; };
		FBB2DF112948BC41005F1134 /* SceneDelegate.swift */ = {isa = PBXFileReference; lastKnownFileType = sourcecode.swift; path = SceneDelegate.swift; sourceTree = "<group>"; };
		FBB2DF182948BC43005F1134 /* Assets.xcassets */ = {isa = PBXFileReference; lastKnownFileType = folder.assetcatalog; path = Assets.xcassets; sourceTree = "<group>"; };
		FBB2DF1B2948BC43005F1134 /* Base */ = {isa = PBXFileReference; lastKnownFileType = file.storyboard; name = Base; path = Base.lproj/LaunchScreen.storyboard; sourceTree = "<group>"; };
		FBB2DF1D2948BC43005F1134 /* Info.plist */ = {isa = PBXFileReference; lastKnownFileType = text.plist.xml; path = Info.plist; sourceTree = "<group>"; };
		FBB2DF232948C4DB005F1134 /* SearchVC.swift */ = {isa = PBXFileReference; lastKnownFileType = sourcecode.swift; path = SearchVC.swift; sourceTree = "<group>"; };
		FBB2DF252948C511005F1134 /* FavoritesListVC.swift */ = {isa = PBXFileReference; lastKnownFileType = sourcecode.swift; path = FavoritesListVC.swift; sourceTree = "<group>"; };
		FBB2DF282948C5DF005F1134 /* UITabBarController.swift */ = {isa = PBXFileReference; lastKnownFileType = sourcecode.swift; path = UITabBarController.swift; sourceTree = "<group>"; };
		FBB2DF2A2948C67D005F1134 /* UINavigationController.swift */ = {isa = PBXFileReference; lastKnownFileType = sourcecode.swift; path = UINavigationController.swift; sourceTree = "<group>"; };
		FBB2DF2D2948CA49005F1134 /* GFButton.swift */ = {isa = PBXFileReference; lastKnownFileType = sourcecode.swift; path = GFButton.swift; sourceTree = "<group>"; };
		FBB2DF2F2948CDA7005F1134 /* GFTextField.swift */ = {isa = PBXFileReference; lastKnownFileType = sourcecode.swift; path = GFTextField.swift; sourceTree = "<group>"; };
/* End PBXFileReference section */

/* Begin PBXFrameworksBuildPhase section */
		FBB2DF092948BC41005F1134 /* Frameworks */ = {
			isa = PBXFrameworksBuildPhase;
			buildActionMask = 2147483647;
			files = (
				E6BEED9EFE043FE9510F7BD3 /* Pods_GitHub_Followers.framework in Frameworks */,
			);
			runOnlyForDeploymentPostprocessing = 0;
		};
/* End PBXFrameworksBuildPhase section */

/* Begin PBXGroup section */
		792C77C6AF38847A112E254D /* Frameworks */ = {
			isa = PBXGroup;
			children = (
				579E74ECA3EA8CE099A64C0F /* Pods_GitHub_Followers.framework */,
			);
			name = Frameworks;
			sourceTree = "<group>";
		};
		DA7513BE32E7C2F59238B48F /* Pods */ = {
			isa = PBXGroup;
			children = (
				5FF768EA36BE7AA24C24D698 /* Pods-GitHub-Followers.debug.xcconfig */,
				A2ABC3647FBDE21D3BB7AEF2 /* Pods-GitHub-Followers.release.xcconfig */,
			);
			name = Pods;
			path = Pods;
			sourceTree = "<group>";
		};
		FB83AB502948DAF500B292D3 /* Core */ = {
			isa = PBXGroup;
			children = (
				FBB2DF232948C4DB005F1134 /* SearchVC.swift */,
				FBB2DF252948C511005F1134 /* FavoritesListVC.swift */,
			);
			path = Core;
			sourceTree = "<group>";
		};
		FB83AB512948DD9300B292D3 /* Other */ = {
			isa = PBXGroup;
			children = (
				FB83AB522948DDA400B292D3 /* FollowerListVC.swift */,
			);
			path = Other;
			sourceTree = "<group>";
		};
		FBB2DF032948BC41005F1134 = {
			isa = PBXGroup;
			children = (
				FBB2DF0E2948BC41005F1134 /* GitHub-Followers */,
				FBB2DF0D2948BC41005F1134 /* Products */,
				DA7513BE32E7C2F59238B48F /* Pods */,
				792C77C6AF38847A112E254D /* Frameworks */,
			);
			sourceTree = "<group>";
		};
		FBB2DF0D2948BC41005F1134 /* Products */ = {
			isa = PBXGroup;
			children = (
				FBB2DF0C2948BC41005F1134 /* GitHub-Followers.app */,
			);
			name = Products;
			sourceTree = "<group>";
		};
		FBB2DF0E2948BC41005F1134 /* GitHub-Followers */ = {
			isa = PBXGroup;
			children = (
				FBB2DF312948D03D005F1134 /* Controllers */,
				FBB2DF2C2948CA3B005F1134 /* CustomViews */,
				FBB2DF272948C5D3005F1134 /* Extensions */,
				FBB2DF0F2948BC41005F1134 /* AppDelegate.swift */,
				FBB2DF112948BC41005F1134 /* SceneDelegate.swift */,
				FBB2DF182948BC43005F1134 /* Assets.xcassets */,
				FBB2DF1A2948BC43005F1134 /* LaunchScreen.storyboard */,
				FBB2DF1D2948BC43005F1134 /* Info.plist */,
			);
			path = "GitHub-Followers";
			sourceTree = "<group>";
		};
		FBB2DF272948C5D3005F1134 /* Extensions */ = {
			isa = PBXGroup;
			children = (
				FBB2DF282948C5DF005F1134 /* UITabBarController.swift */,
				FBB2DF2A2948C67D005F1134 /* UINavigationController.swift */,
			);
			path = Extensions;
			sourceTree = "<group>";
		};
		FBB2DF2C2948CA3B005F1134 /* CustomViews */ = {
			isa = PBXGroup;
			children = (
				FBB2DF2D2948CA49005F1134 /* GFButton.swift */,
				FBB2DF2F2948CDA7005F1134 /* GFTextField.swift */,
			);
			path = CustomViews;
			sourceTree = "<group>";
		};
		FBB2DF312948D03D005F1134 /* Controllers */ = {
			isa = PBXGroup;
			children = (
				FB83AB512948DD9300B292D3 /* Other */,
				FB83AB502948DAF500B292D3 /* Core */,
			);
			path = Controllers;
			sourceTree = "<group>";
		};
/* End PBXGroup section */

/* Begin PBXNativeTarget section */
		FBB2DF0B2948BC41005F1134 /* GitHub-Followers */ = {
			isa = PBXNativeTarget;
			buildConfigurationList = FBB2DF202948BC43005F1134 /* Build configuration list for PBXNativeTarget "GitHub-Followers" */;
			buildPhases = (
				7F67B9669ACB6B666399B4A3 /* [CP] Check Pods Manifest.lock */,
				FBB2DF082948BC41005F1134 /* Sources */,
				FBB2DF092948BC41005F1134 /* Frameworks */,
				FBB2DF0A2948BC41005F1134 /* Resources */,
				4C2244A07A6F14AEF0B923DC /* [CP] Embed Pods Frameworks */,
			);
			buildRules = (
			);
			dependencies = (
			);
			name = "GitHub-Followers";
			productName = "GitHub-Followers";
			productReference = FBB2DF0C2948BC41005F1134 /* GitHub-Followers.app */;
			productType = "com.apple.product-type.application";
		};
/* End PBXNativeTarget section */

/* Begin PBXProject section */
		FBB2DF042948BC41005F1134 /* Project object */ = {
			isa = PBXProject;
			attributes = {
				BuildIndependentTargetsInParallel = 1;
				LastSwiftUpdateCheck = 1410;
				LastUpgradeCheck = 1410;
				TargetAttributes = {
					FBB2DF0B2948BC41005F1134 = {
						CreatedOnToolsVersion = 14.1;
					};
				};
			};
			buildConfigurationList = FBB2DF072948BC41005F1134 /* Build configuration list for PBXProject "GitHub-Followers" */;
			compatibilityVersion = "Xcode 14.0";
			developmentRegion = en;
			hasScannedForEncodings = 0;
			knownRegions = (
				en,
				Base,
			);
			mainGroup = FBB2DF032948BC41005F1134;
			productRefGroup = FBB2DF0D2948BC41005F1134 /* Products */;
			projectDirPath = "";
			projectRoot = "";
			targets = (
				FBB2DF0B2948BC41005F1134 /* GitHub-Followers */,
			);
		};
/* End PBXProject section */

/* Begin PBXResourcesBuildPhase section */
		FBB2DF0A2948BC41005F1134 /* Resources */ = {
			isa = PBXResourcesBuildPhase;
			buildActionMask = 2147483647;
			files = (
				FBB2DF1C2948BC43005F1134 /* LaunchScreen.storyboard in Resources */,
				FBB2DF192948BC43005F1134 /* Assets.xcassets in Resources */,
			);
			runOnlyForDeploymentPostprocessing = 0;
		};
/* End PBXResourcesBuildPhase section */

/* Begin PBXShellScriptBuildPhase section */
		4C2244A07A6F14AEF0B923DC /* [CP] Embed Pods Frameworks */ = {
			isa = PBXShellScriptBuildPhase;
			buildActionMask = 2147483647;
			files = (
			);
			inputFileListPaths = (
				"${PODS_ROOT}/Target Support Files/Pods-GitHub-Followers/Pods-GitHub-Followers-frameworks-${CONFIGURATION}-input-files.xcfilelist",
			);
			name = "[CP] Embed Pods Frameworks";
			outputFileListPaths = (
				"${PODS_ROOT}/Target Support Files/Pods-GitHub-Followers/Pods-GitHub-Followers-frameworks-${CONFIGURATION}-output-files.xcfilelist",
			);
			runOnlyForDeploymentPostprocessing = 0;
			shellPath = /bin/sh;
			shellScript = "\"${PODS_ROOT}/Target Support Files/Pods-GitHub-Followers/Pods-GitHub-Followers-frameworks.sh\"\n";
			showEnvVarsInLog = 0;
		};
		7F67B9669ACB6B666399B4A3 /* [CP] Check Pods Manifest.lock */ = {
			isa = PBXShellScriptBuildPhase;
			buildActionMask = 2147483647;
			files = (
			);
			inputFileListPaths = (
			);
			inputPaths = (
				"${PODS_PODFILE_DIR_PATH}/Podfile.lock",
				"${PODS_ROOT}/Manifest.lock",
			);
			name = "[CP] Check Pods Manifest.lock";
			outputFileListPaths = (
			);
			outputPaths = (
				"$(DERIVED_FILE_DIR)/Pods-GitHub-Followers-checkManifestLockResult.txt",
			);
			runOnlyForDeploymentPostprocessing = 0;
			shellPath = /bin/sh;
			shellScript = "diff \"${PODS_PODFILE_DIR_PATH}/Podfile.lock\" \"${PODS_ROOT}/Manifest.lock\" > /dev/null\nif [ $? != 0 ] ; then\n    # print error to STDERR\n    echo \"error: The sandbox is not in sync with the Podfile.lock. Run 'pod install' or update your CocoaPods installation.\" >&2\n    exit 1\nfi\n# This output is used by Xcode 'outputs' to avoid re-running this script phase.\necho \"SUCCESS\" > \"${SCRIPT_OUTPUT_FILE_0}\"\n";
			showEnvVarsInLog = 0;
		};
/* End PBXShellScriptBuildPhase section */

/* Begin PBXSourcesBuildPhase section */
		FBB2DF082948BC41005F1134 /* Sources */ = {
			isa = PBXSourcesBuildPhase;
			buildActionMask = 2147483647;
			files = (
				FB83AB532948DDA400B292D3 /* FollowerListVC.swift in Sources */,
				FBB2DF262948C511005F1134 /* FavoritesListVC.swift in Sources */,
				FBB2DF242948C4DB005F1134 /* SearchVC.swift in Sources */,
				FBB2DF302948CDA7005F1134 /* GFTextField.swift in Sources */,
				FBB2DF102948BC41005F1134 /* AppDelegate.swift in Sources */,
				FBB2DF2E2948CA49005F1134 /* GFButton.swift in Sources */,
				FBB2DF2B2948C67D005F1134 /* UINavigationController.swift in Sources */,
				FBB2DF292948C5E0005F1134 /* UITabBarController.swift in Sources */,
				FBB2DF122948BC41005F1134 /* SceneDelegate.swift in Sources */,
			);
			runOnlyForDeploymentPostprocessing = 0;
		};
/* End PBXSourcesBuildPhase section */

/* Begin PBXVariantGroup section */
		FBB2DF1A2948BC43005F1134 /* LaunchScreen.storyboard */ = {
			isa = PBXVariantGroup;
			children = (
				FBB2DF1B2948BC43005F1134 /* Base */,
			);
			name = LaunchScreen.storyboard;
			sourceTree = "<group>";
		};
/* End PBXVariantGroup section */

/* Begin XCBuildConfiguration section */
		FBB2DF1E2948BC43005F1134 /* Debug */ = {
			isa = XCBuildConfiguration;
			buildSettings = {
				ALWAYS_SEARCH_USER_PATHS = NO;
				CLANG_ANALYZER_NONNULL = YES;
				CLANG_ANALYZER_NUMBER_OBJECT_CONVERSION = YES_AGGRESSIVE;
				CLANG_CXX_LANGUAGE_STANDARD = "gnu++20";
				CLANG_ENABLE_MODULES = YES;
				CLANG_ENABLE_OBJC_ARC = YES;
				CLANG_ENABLE_OBJC_WEAK = YES;
				CLANG_WARN_BLOCK_CAPTURE_AUTORELEASING = YES;
				CLANG_WARN_BOOL_CONVERSION = YES;
				CLANG_WARN_COMMA = YES;
				CLANG_WARN_CONSTANT_CONVERSION = YES;
				CLANG_WARN_DEPRECATED_OBJC_IMPLEMENTATIONS = YES;
				CLANG_WARN_DIRECT_OBJC_ISA_USAGE = YES_ERROR;
				CLANG_WARN_DOCUMENTATION_COMMENTS = YES;
				CLANG_WARN_EMPTY_BODY = YES;
				CLANG_WARN_ENUM_CONVERSION = YES;
				CLANG_WARN_INFINITE_RECURSION = YES;
				CLANG_WARN_INT_CONVERSION = YES;
				CLANG_WARN_NON_LITERAL_NULL_CONVERSION = YES;
				CLANG_WARN_OBJC_IMPLICIT_RETAIN_SELF = YES;
				CLANG_WARN_OBJC_LITERAL_CONVERSION = YES;
				CLANG_WARN_OBJC_ROOT_CLASS = YES_ERROR;
				CLANG_WARN_QUOTED_INCLUDE_IN_FRAMEWORK_HEADER = YES;
				CLANG_WARN_RANGE_LOOP_ANALYSIS = YES;
				CLANG_WARN_STRICT_PROTOTYPES = YES;
				CLANG_WARN_SUSPICIOUS_MOVE = YES;
				CLANG_WARN_UNGUARDED_AVAILABILITY = YES_AGGRESSIVE;
				CLANG_WARN_UNREACHABLE_CODE = YES;
				CLANG_WARN__DUPLICATE_METHOD_MATCH = YES;
				COPY_PHASE_STRIP = NO;
				DEBUG_INFORMATION_FORMAT = dwarf;
				ENABLE_STRICT_OBJC_MSGSEND = YES;
				ENABLE_TESTABILITY = YES;
				GCC_C_LANGUAGE_STANDARD = gnu11;
				GCC_DYNAMIC_NO_PIC = NO;
				GCC_NO_COMMON_BLOCKS = YES;
				GCC_OPTIMIZATION_LEVEL = 0;
				GCC_PREPROCESSOR_DEFINITIONS = (
					"DEBUG=1",
					"$(inherited)",
				);
				GCC_WARN_64_TO_32_BIT_CONVERSION = YES;
				GCC_WARN_ABOUT_RETURN_TYPE = YES_ERROR;
				GCC_WARN_UNDECLARED_SELECTOR = YES;
				GCC_WARN_UNINITIALIZED_AUTOS = YES_AGGRESSIVE;
				GCC_WARN_UNUSED_FUNCTION = YES;
				GCC_WARN_UNUSED_VARIABLE = YES;
				IPHONEOS_DEPLOYMENT_TARGET = 16.1;
				MTL_ENABLE_DEBUG_INFO = INCLUDE_SOURCE;
				MTL_FAST_MATH = YES;
				ONLY_ACTIVE_ARCH = YES;
				SDKROOT = iphoneos;
				SWIFT_ACTIVE_COMPILATION_CONDITIONS = DEBUG;
				SWIFT_OPTIMIZATION_LEVEL = "-Onone";
			};
			name = Debug;
		};
		FBB2DF1F2948BC43005F1134 /* Release */ = {
			isa = XCBuildConfiguration;
			buildSettings = {
				ALWAYS_SEARCH_USER_PATHS = NO;
				CLANG_ANALYZER_NONNULL = YES;
				CLANG_ANALYZER_NUMBER_OBJECT_CONVERSION = YES_AGGRESSIVE;
				CLANG_CXX_LANGUAGE_STANDARD = "gnu++20";
				CLANG_ENABLE_MODULES = YES;
				CLANG_ENABLE_OBJC_ARC = YES;
				CLANG_ENABLE_OBJC_WEAK = YES;
				CLANG_WARN_BLOCK_CAPTURE_AUTORELEASING = YES;
				CLANG_WARN_BOOL_CONVERSION = YES;
				CLANG_WARN_COMMA = YES;
				CLANG_WARN_CONSTANT_CONVERSION = YES;
				CLANG_WARN_DEPRECATED_OBJC_IMPLEMENTATIONS = YES;
				CLANG_WARN_DIRECT_OBJC_ISA_USAGE = YES_ERROR;
				CLANG_WARN_DOCUMENTATION_COMMENTS = YES;
				CLANG_WARN_EMPTY_BODY = YES;
				CLANG_WARN_ENUM_CONVERSION = YES;
				CLANG_WARN_INFINITE_RECURSION = YES;
				CLANG_WARN_INT_CONVERSION = YES;
				CLANG_WARN_NON_LITERAL_NULL_CONVERSION = YES;
				CLANG_WARN_OBJC_IMPLICIT_RETAIN_SELF = YES;
				CLANG_WARN_OBJC_LITERAL_CONVERSION = YES;
				CLANG_WARN_OBJC_ROOT_CLASS = YES_ERROR;
				CLANG_WARN_QUOTED_INCLUDE_IN_FRAMEWORK_HEADER = YES;
				CLANG_WARN_RANGE_LOOP_ANALYSIS = YES;
				CLANG_WARN_STRICT_PROTOTYPES = YES;
				CLANG_WARN_SUSPICIOUS_MOVE = YES;
				CLANG_WARN_UNGUARDED_AVAILABILITY = YES_AGGRESSIVE;
				CLANG_WARN_UNREACHABLE_CODE = YES;
				CLANG_WARN__DUPLICATE_METHOD_MATCH = YES;
				COPY_PHASE_STRIP = NO;
				DEBUG_INFORMATION_FORMAT = "dwarf-with-dsym";
				ENABLE_NS_ASSERTIONS = NO;
				ENABLE_STRICT_OBJC_MSGSEND = YES;
				GCC_C_LANGUAGE_STANDARD = gnu11;
				GCC_NO_COMMON_BLOCKS = YES;
				GCC_WARN_64_TO_32_BIT_CONVERSION = YES;
				GCC_WARN_ABOUT_RETURN_TYPE = YES_ERROR;
				GCC_WARN_UNDECLARED_SELECTOR = YES;
				GCC_WARN_UNINITIALIZED_AUTOS = YES_AGGRESSIVE;
				GCC_WARN_UNUSED_FUNCTION = YES;
				GCC_WARN_UNUSED_VARIABLE = YES;
				IPHONEOS_DEPLOYMENT_TARGET = 16.1;
				MTL_ENABLE_DEBUG_INFO = NO;
				MTL_FAST_MATH = YES;
				SDKROOT = iphoneos;
				SWIFT_COMPILATION_MODE = wholemodule;
				SWIFT_OPTIMIZATION_LEVEL = "-O";
				VALIDATE_PRODUCT = YES;
			};
			name = Release;
		};
		FBB2DF212948BC43005F1134 /* Debug */ = {
			isa = XCBuildConfiguration;
			baseConfigurationReference = 5FF768EA36BE7AA24C24D698 /* Pods-GitHub-Followers.debug.xcconfig */;
			buildSettings = {
				ASSETCATALOG_COMPILER_APPICON_NAME = AppIcon;
				ASSETCATALOG_COMPILER_GLOBAL_ACCENT_COLOR_NAME = AccentColor;
				CODE_SIGN_STYLE = Automatic;
				CURRENT_PROJECT_VERSION = 1;
				DEVELOPMENT_TEAM = HG8VJQPKXZ;
				GENERATE_INFOPLIST_FILE = YES;
				INFOPLIST_FILE = "GitHub-Followers/Info.plist";
				INFOPLIST_KEY_UIApplicationSupportsIndirectInputEvents = YES;
				INFOPLIST_KEY_UILaunchStoryboardName = LaunchScreen;
				INFOPLIST_KEY_UISupportedInterfaceOrientations = UIInterfaceOrientationPortrait;
				LD_RUNPATH_SEARCH_PATHS = (
					"$(inherited)",
					"@executable_path/Frameworks",
				);
				MARKETING_VERSION = 1.0;
				PRODUCT_BUNDLE_IDENTIFIER = "dev.nsemir.GitHub-Followers";
				PRODUCT_NAME = "$(TARGET_NAME)";
				SUPPORTED_PLATFORMS = "iphoneos iphonesimulator";
				SUPPORTS_MACCATALYST = NO;
				SUPPORTS_MAC_DESIGNED_FOR_IPHONE_IPAD = NO;
				SWIFT_EMIT_LOC_STRINGS = YES;
				SWIFT_VERSION = 5.0;
				TARGETED_DEVICE_FAMILY = 1;
			};
			name = Debug;
		};
		FBB2DF222948BC43005F1134 /* Release */ = {
			isa = XCBuildConfiguration;
			baseConfigurationReference = A2ABC3647FBDE21D3BB7AEF2 /* Pods-GitHub-Followers.release.xcconfig */;
			buildSettings = {
				ASSETCATALOG_COMPILER_APPICON_NAME = AppIcon;
				ASSETCATALOG_COMPILER_GLOBAL_ACCENT_COLOR_NAME = AccentColor;
				CODE_SIGN_STYLE = Automatic;
				CURRENT_PROJECT_VERSION = 1;
				DEVELOPMENT_TEAM = HG8VJQPKXZ;
				GENERATE_INFOPLIST_FILE = YES;
				INFOPLIST_FILE = "GitHub-Followers/Info.plist";
				INFOPLIST_KEY_UIApplicationSupportsIndirectInputEvents = YES;
				INFOPLIST_KEY_UILaunchStoryboardName = LaunchScreen;
				INFOPLIST_KEY_UISupportedInterfaceOrientations = UIInterfaceOrientationPortrait;
				LD_RUNPATH_SEARCH_PATHS = (
					"$(inherited)",
					"@executable_path/Frameworks",
				);
				MARKETING_VERSION = 1.0;
				PRODUCT_BUNDLE_IDENTIFIER = "dev.nsemir.GitHub-Followers";
				PRODUCT_NAME = "$(TARGET_NAME)";
				SUPPORTED_PLATFORMS = "iphoneos iphonesimulator";
				SUPPORTS_MACCATALYST = NO;
				SUPPORTS_MAC_DESIGNED_FOR_IPHONE_IPAD = NO;
				SWIFT_EMIT_LOC_STRINGS = YES;
				SWIFT_VERSION = 5.0;
				TARGETED_DEVICE_FAMILY = 1;
			};
			name = Release;
		};
/* End XCBuildConfiguration section */

/* Begin XCConfigurationList section */
		FBB2DF072948BC41005F1134 /* Build configuration list for PBXProject "GitHub-Followers" */ = {
			isa = XCConfigurationList;
			buildConfigurations = (
				FBB2DF1E2948BC43005F1134 /* Debug */,
				FBB2DF1F2948BC43005F1134 /* Release */,
			);
			defaultConfigurationIsVisible = 0;
			defaultConfigurationName = Release;
		};
		FBB2DF202948BC43005F1134 /* Build configuration list for PBXNativeTarget "GitHub-Followers" */ = {
			isa = XCConfigurationList;
			buildConfigurations = (
				FBB2DF212948BC43005F1134 /* Debug */,
				FBB2DF222948BC43005F1134 /* Release */,
			);
			defaultConfigurationIsVisible = 0;
			defaultConfigurationName = Release;
		};
/* End XCConfigurationList section */
	};
	rootObject = FBB2DF042948BC41005F1134 /* Project object */;
}
