// !$*UTF8*$!
{
	archiveVersion = 1;
	classes = {
	};
	objectVersion = 56;
	objects = {

/* Begin PBXBuildFile section */
		2D1E807E297FDCAA00AA9F08 /* FollowersListVC.swift in Sources */ = {isa = PBXBuildFile; fileRef = 2D1E807D297FDCAA00AA9F08 /* FollowersListVC.swift */; };
		2D1E8080297FE1ED00AA9F08 /* GFTitleLabel.swift in Sources */ = {isa = PBXBuildFile; fileRef = 2D1E807F297FE1ED00AA9F08 /* GFTitleLabel.swift */; };
		2D1E8082297FE33C00AA9F08 /* GFBodyLabel.swift in Sources */ = {isa = PBXBuildFile; fileRef = 2D1E8081297FE33C00AA9F08 /* GFBodyLabel.swift */; };
		2D1E8084297FE41300AA9F08 /* GFAlertVC.swift in Sources */ = {isa = PBXBuildFile; fileRef = 2D1E8083297FE41300AA9F08 /* GFAlertVC.swift */; };
		2D1E8086297FED0800AA9F08 /* UIViewController+.swift in Sources */ = {isa = PBXBuildFile; fileRef = 2D1E8085297FED0800AA9F08 /* UIViewController+.swift */; };
		2D1E808A297FF52800AA9F08 /* Follower.swift in Sources */ = {isa = PBXBuildFile; fileRef = 2D1E8089297FF52800AA9F08 /* Follower.swift */; };
		2D1E808C297FF9B100AA9F08 /* User.swift in Sources */ = {isa = PBXBuildFile; fileRef = 2D1E808B297FF9B100AA9F08 /* User.swift */; };
		2D1E808F298000AF00AA9F08 /* NetworkManager.swift in Sources */ = {isa = PBXBuildFile; fileRef = 2D1E808E298000AF00AA9F08 /* NetworkManager.swift */; };
		2D1E80922980144A00AA9F08 /* GFFollowerCell.swift in Sources */ = {isa = PBXBuildFile; fileRef = 2D1E80912980144A00AA9F08 /* GFFollowerCell.swift */; };
		2D1E8094298014BF00AA9F08 /* GFAvatarImageView.swift in Sources */ = {isa = PBXBuildFile; fileRef = 2D1E8093298014BF00AA9F08 /* GFAvatarImageView.swift */; };
		2D369B79297F303E00A3F60B /* SearchVC.swift in Sources */ = {isa = PBXBuildFile; fileRef = 2D369B78297F303E00A3F60B /* SearchVC.swift */; };
		2D369B7B297F306400A3F60B /* FavoritesListVC.swift in Sources */ = {isa = PBXBuildFile; fileRef = 2D369B7A297F306400A3F60B /* FavoritesListVC.swift */; };
		2D369B7D297F333100A3F60B /* MainBuilder.swift in Sources */ = {isa = PBXBuildFile; fileRef = 2D369B7C297F333100A3F60B /* MainBuilder.swift */; };
		2D369B82297F358000A3F60B /* GFButton.swift in Sources */ = {isa = PBXBuildFile; fileRef = 2D369B81297F358000A3F60B /* GFButton.swift */; };
		2D369B86297F38D400A3F60B /* GFTextField.swift in Sources */ = {isa = PBXBuildFile; fileRef = 2D369B85297F38D400A3F60B /* GFTextField.swift */; };
		2D369B89297F3B4A00A3F60B /* SnapKit in Frameworks */ = {isa = PBXBuildFile; productRef = 2D369B88297F3B4A00A3F60B /* SnapKit */; };
		2D369B8C297F3C0400A3F60B /* UIView+.swift in Sources */ = {isa = PBXBuildFile; fileRef = 2D369B8B297F3C0400A3F60B /* UIView+.swift */; };
		2DFE5E28297F254D00698BED /* AppDelegate.swift in Sources */ = {isa = PBXBuildFile; fileRef = 2DFE5E27297F254D00698BED /* AppDelegate.swift */; };
		2DFE5E2A297F254D00698BED /* SceneDelegate.swift in Sources */ = {isa = PBXBuildFile; fileRef = 2DFE5E29297F254D00698BED /* SceneDelegate.swift */; };
		2DFE5E31297F254E00698BED /* Assets.xcassets in Resources */ = {isa = PBXBuildFile; fileRef = 2DFE5E30297F254E00698BED /* Assets.xcassets */; };
		2DFE5E34297F254E00698BED /* LaunchScreen.storyboard in Resources */ = {isa = PBXBuildFile; fileRef = 2DFE5E32297F254E00698BED /* LaunchScreen.storyboard */; };
/* End PBXBuildFile section */

/* Begin PBXFileReference section */
		2D1E807D297FDCAA00AA9F08 /* FollowersListVC.swift */ = {isa = PBXFileReference; lastKnownFileType = sourcecode.swift; path = FollowersListVC.swift; sourceTree = "<group>"; };
		2D1E807F297FE1ED00AA9F08 /* GFTitleLabel.swift */ = {isa = PBXFileReference; lastKnownFileType = sourcecode.swift; path = GFTitleLabel.swift; sourceTree = "<group>"; };
		2D1E8081297FE33C00AA9F08 /* GFBodyLabel.swift */ = {isa = PBXFileReference; lastKnownFileType = sourcecode.swift; path = GFBodyLabel.swift; sourceTree = "<group>"; };
		2D1E8083297FE41300AA9F08 /* GFAlertVC.swift */ = {isa = PBXFileReference; lastKnownFileType = sourcecode.swift; path = GFAlertVC.swift; sourceTree = "<group>"; };
		2D1E8085297FED0800AA9F08 /* UIViewController+.swift */ = {isa = PBXFileReference; lastKnownFileType = sourcecode.swift; path = "UIViewController+.swift"; sourceTree = "<group>"; };
		2D1E8089297FF52800AA9F08 /* Follower.swift */ = {isa = PBXFileReference; lastKnownFileType = sourcecode.swift; path = Follower.swift; sourceTree = "<group>"; };
		2D1E808B297FF9B100AA9F08 /* User.swift */ = {isa = PBXFileReference; lastKnownFileType = sourcecode.swift; path = User.swift; sourceTree = "<group>"; };
		2D1E808E298000AF00AA9F08 /* NetworkManager.swift */ = {isa = PBXFileReference; lastKnownFileType = sourcecode.swift; path = NetworkManager.swift; sourceTree = "<group>"; };
		2D1E80912980144A00AA9F08 /* GFFollowerCell.swift */ = {isa = PBXFileReference; lastKnownFileType = sourcecode.swift; path = GFFollowerCell.swift; sourceTree = "<group>"; };
		2D1E8093298014BF00AA9F08 /* GFAvatarImageView.swift */ = {isa = PBXFileReference; lastKnownFileType = sourcecode.swift; path = GFAvatarImageView.swift; sourceTree = "<group>"; };
		2D369B78297F303E00A3F60B /* SearchVC.swift */ = {isa = PBXFileReference; lastKnownFileType = sourcecode.swift; path = SearchVC.swift; sourceTree = "<group>"; };
		2D369B7A297F306400A3F60B /* FavoritesListVC.swift */ = {isa = PBXFileReference; lastKnownFileType = sourcecode.swift; path = FavoritesListVC.swift; sourceTree = "<group>"; };
		2D369B7C297F333100A3F60B /* MainBuilder.swift */ = {isa = PBXFileReference; lastKnownFileType = sourcecode.swift; path = MainBuilder.swift; sourceTree = "<group>"; };
		2D369B81297F358000A3F60B /* GFButton.swift */ = {isa = PBXFileReference; lastKnownFileType = sourcecode.swift; path = GFButton.swift; sourceTree = "<group>"; };
		2D369B85297F38D400A3F60B /* GFTextField.swift */ = {isa = PBXFileReference; lastKnownFileType = sourcecode.swift; path = GFTextField.swift; sourceTree = "<group>"; };
		2D369B8B297F3C0400A3F60B /* UIView+.swift */ = {isa = PBXFileReference; lastKnownFileType = sourcecode.swift; path = "UIView+.swift"; sourceTree = "<group>"; };
		2DFE5E24297F254D00698BED /* GitHub-Followers.app */ = {isa = PBXFileReference; explicitFileType = wrapper.application; includeInIndex = 0; path = "GitHub-Followers.app"; sourceTree = BUILT_PRODUCTS_DIR; };
		2DFE5E27297F254D00698BED /* AppDelegate.swift */ = {isa = PBXFileReference; lastKnownFileType = sourcecode.swift; path = AppDelegate.swift; sourceTree = "<group>"; };
		2DFE5E29297F254D00698BED /* SceneDelegate.swift */ = {isa = PBXFileReference; lastKnownFileType = sourcecode.swift; path = SceneDelegate.swift; sourceTree = "<group>"; };
		2DFE5E30297F254E00698BED /* Assets.xcassets */ = {isa = PBXFileReference; lastKnownFileType = folder.assetcatalog; path = Assets.xcassets; sourceTree = "<group>"; };
		2DFE5E33297F254E00698BED /* Base */ = {isa = PBXFileReference; lastKnownFileType = file.storyboard; name = Base; path = Base.lproj/LaunchScreen.storyboard; sourceTree = "<group>"; };
		2DFE5E35297F254E00698BED /* Info.plist */ = {isa = PBXFileReference; lastKnownFileType = text.plist.xml; path = Info.plist; sourceTree = "<group>"; };
/* End PBXFileReference section */

/* Begin PBXFrameworksBuildPhase section */
		2DFE5E21297F254D00698BED /* Frameworks */ = {
			isa = PBXFrameworksBuildPhase;
			buildActionMask = 2147483647;
			files = (
				2D369B89297F3B4A00A3F60B /* SnapKit in Frameworks */,
			);
			runOnlyForDeploymentPostprocessing = 0;
		};
/* End PBXFrameworksBuildPhase section */

/* Begin PBXGroup section */
		2D1E8087297FF12100AA9F08 /* Scenes */ = {
			isa = PBXGroup;
			children = (
				2D369B78297F303E00A3F60B /* SearchVC.swift */,
				2D1E807D297FDCAA00AA9F08 /* FollowersListVC.swift */,
				2D369B7A297F306400A3F60B /* FavoritesListVC.swift */,
			);
			path = Scenes;
			sourceTree = "<group>";
		};
		2D1E8088297FF51E00AA9F08 /* Models */ = {
			isa = PBXGroup;
			children = (
				2D1E8089297FF52800AA9F08 /* Follower.swift */,
				2D1E808B297FF9B100AA9F08 /* User.swift */,
			);
			path = Models;
			sourceTree = "<group>";
		};
		2D1E808D298000A500AA9F08 /* Managers */ = {
			isa = PBXGroup;
			children = (
				2D1E808E298000AF00AA9F08 /* NetworkManager.swift */,
			);
			path = Managers;
			sourceTree = "<group>";
		};
		2D1E80902980143300AA9F08 /* Cells */ = {
			isa = PBXGroup;
			children = (
				2D1E80912980144A00AA9F08 /* GFFollowerCell.swift */,
			);
			path = Cells;
			sourceTree = "<group>";
		};
		2D369B7E297F354D00A3F60B /* App */ = {
			isa = PBXGroup;
			children = (
				2DFE5E27297F254D00698BED /* AppDelegate.swift */,
				2DFE5E29297F254D00698BED /* SceneDelegate.swift */,
			);
			path = App;
			sourceTree = "<group>";
		};
		2D369B7F297F355400A3F60B /* Resources */ = {
			isa = PBXGroup;
			children = (
				2DFE5E30297F254E00698BED /* Assets.xcassets */,
				2DFE5E32297F254E00698BED /* LaunchScreen.storyboard */,
				2DFE5E35297F254E00698BED /* Info.plist */,
			);
			path = Resources;
			sourceTree = "<group>";
		};
		2D369B80297F356E00A3F60B /* Builders */ = {
			isa = PBXGroup;
			children = (
				2D369B7C297F333100A3F60B /* MainBuilder.swift */,
			);
			path = Builders;
			sourceTree = "<group>";
		};
		2D369B83297F384F00A3F60B /* General */ = {
			isa = PBXGroup;
			children = (
				2D1E80902980143300AA9F08 /* Cells */,
				2D369B84297F385300A3F60B /* Views */,
			);
			path = General;
			sourceTree = "<group>";
		};
		2D369B84297F385300A3F60B /* Views */ = {
			isa = PBXGroup;
			children = (
				2D1E807F297FE1ED00AA9F08 /* GFTitleLabel.swift */,
				2D369B81297F358000A3F60B /* GFButton.swift */,
				2D369B85297F38D400A3F60B /* GFTextField.swift */,
				2D1E8081297FE33C00AA9F08 /* GFBodyLabel.swift */,
				2D1E8083297FE41300AA9F08 /* GFAlertVC.swift */,
				2D1E8093298014BF00AA9F08 /* GFAvatarImageView.swift */,
			);
			path = Views;
			sourceTree = "<group>";
		};
		2D369B8A297F3BFC00A3F60B /* Extensions */ = {
			isa = PBXGroup;
			children = (
				2D369B8B297F3C0400A3F60B /* UIView+.swift */,
				2D1E8085297FED0800AA9F08 /* UIViewController+.swift */,
			);
			path = Extensions;
			sourceTree = "<group>";
		};
		2DFE5E1B297F254D00698BED = {
			isa = PBXGroup;
			children = (
				2DFE5E26297F254D00698BED /* GitHub-Followers */,
				2DFE5E25297F254D00698BED /* Products */,
			);
			sourceTree = "<group>";
		};
		2DFE5E25297F254D00698BED /* Products */ = {
			isa = PBXGroup;
			children = (
				2DFE5E24297F254D00698BED /* GitHub-Followers.app */,
			);
			name = Products;
			sourceTree = "<group>";
		};
		2DFE5E26297F254D00698BED /* GitHub-Followers */ = {
			isa = PBXGroup;
			children = (
				2D1E808D298000A500AA9F08 /* Managers */,
				2D1E8088297FF51E00AA9F08 /* Models */,
				2D369B8A297F3BFC00A3F60B /* Extensions */,
				2D369B83297F384F00A3F60B /* General */,
				2D369B80297F356E00A3F60B /* Builders */,
				2D369B7F297F355400A3F60B /* Resources */,
				2D369B7E297F354D00A3F60B /* App */,
				2D1E8087297FF12100AA9F08 /* Scenes */,
			);
			path = "GitHub-Followers";
			sourceTree = "<group>";
		};
/* End PBXGroup section */

/* Begin PBXNativeTarget section */
		2DFE5E23297F254D00698BED /* GitHub-Followers */ = {
			isa = PBXNativeTarget;
			buildConfigurationList = 2DFE5E38297F254E00698BED /* Build configuration list for PBXNativeTarget "GitHub-Followers" */;
			buildPhases = (
				2DFE5E20297F254D00698BED /* Sources */,
				2DFE5E21297F254D00698BED /* Frameworks */,
				2DFE5E22297F254D00698BED /* Resources */,
			);
			buildRules = (
			);
			dependencies = (
			);
			name = "GitHub-Followers";
			packageProductDependencies = (
				2D369B88297F3B4A00A3F60B /* SnapKit */,
			);
			productName = "GitHub-Followers";
			productReference = 2DFE5E24297F254D00698BED /* GitHub-Followers.app */;
			productType = "com.apple.product-type.application";
		};
/* End PBXNativeTarget section */

/* Begin PBXProject section */
		2DFE5E1C297F254D00698BED /* Project object */ = {
			isa = PBXProject;
			attributes = {
				BuildIndependentTargetsInParallel = 1;
				LastSwiftUpdateCheck = 1420;
				LastUpgradeCheck = 1420;
				TargetAttributes = {
					2DFE5E23297F254D00698BED = {
						CreatedOnToolsVersion = 14.2;
					};
				};
			};
			buildConfigurationList = 2DFE5E1F297F254D00698BED /* Build configuration list for PBXProject "GitHub-Followers" */;
			compatibilityVersion = "Xcode 14.0";
			developmentRegion = en;
			hasScannedForEncodings = 0;
			knownRegions = (
				en,
				Base,
			);
			mainGroup = 2DFE5E1B297F254D00698BED;
			packageReferences = (
				2D369B87297F3B4A00A3F60B /* XCRemoteSwiftPackageReference "SnapKit" */,
			);
			productRefGroup = 2DFE5E25297F254D00698BED /* Products */;
			projectDirPath = "";
			projectRoot = "";
			targets = (
				2DFE5E23297F254D00698BED /* GitHub-Followers */,
			);
		};
/* End PBXProject section */

/* Begin PBXResourcesBuildPhase section */
		2DFE5E22297F254D00698BED /* Resources */ = {
			isa = PBXResourcesBuildPhase;
			buildActionMask = 2147483647;
			files = (
				2DFE5E34297F254E00698BED /* LaunchScreen.storyboard in Resources */,
				2DFE5E31297F254E00698BED /* Assets.xcassets in Resources */,
			);
			runOnlyForDeploymentPostprocessing = 0;
		};
/* End PBXResourcesBuildPhase section */

/* Begin PBXSourcesBuildPhase section */
		2DFE5E20297F254D00698BED /* Sources */ = {
			isa = PBXSourcesBuildPhase;
			buildActionMask = 2147483647;
			files = (
				2D369B7B297F306400A3F60B /* FavoritesListVC.swift in Sources */,
				2D1E808A297FF52800AA9F08 /* Follower.swift in Sources */,
				2D369B79297F303E00A3F60B /* SearchVC.swift in Sources */,
				2D369B82297F358000A3F60B /* GFButton.swift in Sources */,
				2D1E808F298000AF00AA9F08 /* NetworkManager.swift in Sources */,
				2DFE5E28297F254D00698BED /* AppDelegate.swift in Sources */,
				2D1E8084297FE41300AA9F08 /* GFAlertVC.swift in Sources */,
				2D369B8C297F3C0400A3F60B /* UIView+.swift in Sources */,
				2D1E8094298014BF00AA9F08 /* GFAvatarImageView.swift in Sources */,
				2DFE5E2A297F254D00698BED /* SceneDelegate.swift in Sources */,
				2D1E808C297FF9B100AA9F08 /* User.swift in Sources */,
				2D1E8082297FE33C00AA9F08 /* GFBodyLabel.swift in Sources */,
				2D1E80922980144A00AA9F08 /* GFFollowerCell.swift in Sources */,
				2D369B7D297F333100A3F60B /* MainBuilder.swift in Sources */,
				2D1E8086297FED0800AA9F08 /* UIViewController+.swift in Sources */,
				2D1E807E297FDCAA00AA9F08 /* FollowersListVC.swift in Sources */,
				2D1E8080297FE1ED00AA9F08 /* GFTitleLabel.swift in Sources */,
				2D369B86297F38D400A3F60B /* GFTextField.swift in Sources */,
			);
			runOnlyForDeploymentPostprocessing = 0;
		};
/* End PBXSourcesBuildPhase section */

/* Begin PBXVariantGroup section */
		2DFE5E32297F254E00698BED /* LaunchScreen.storyboard */ = {
			isa = PBXVariantGroup;
			children = (
				2DFE5E33297F254E00698BED /* Base */,
			);
			name = LaunchScreen.storyboard;
			sourceTree = "<group>";
		};
/* End PBXVariantGroup section */

/* Begin XCBuildConfiguration section */
		2DFE5E36297F254E00698BED /* Debug */ = {
			isa = XCBuildConfiguration;
			buildSettings = {
				ALWAYS_SEARCH_USER_PATHS = NO;
				CLANG_ANALYZER_NONNULL = YES;
				CLANG_ANALYZER_NUMBER_OBJECT_CONVERSION = YES_AGGRESSIVE;
				CLANG_CXX_LANGUAGE_STANDARD = "gnu++20";
				CLANG_ENABLE_MODULES = YES;
				CLANG_ENABLE_OBJC_ARC = YES;
				CLANG_ENABLE_OBJC_WEAK = YES;
				CLANG_WARN_BLOCK_CAPTURE_AUTORELEASING = YES;
				CLANG_WARN_BOOL_CONVERSION = YES;
				CLANG_WARN_COMMA = YES;
				CLANG_WARN_CONSTANT_CONVERSION = YES;
				CLANG_WARN_DEPRECATED_OBJC_IMPLEMENTATIONS = YES;
				CLANG_WARN_DIRECT_OBJC_ISA_USAGE = YES_ERROR;
				CLANG_WARN_DOCUMENTATION_COMMENTS = YES;
				CLANG_WARN_EMPTY_BODY = YES;
				CLANG_WARN_ENUM_CONVERSION = YES;
				CLANG_WARN_INFINITE_RECURSION = YES;
				CLANG_WARN_INT_CONVERSION = YES;
				CLANG_WARN_NON_LITERAL_NULL_CONVERSION = YES;
				CLANG_WARN_OBJC_IMPLICIT_RETAIN_SELF = YES;
				CLANG_WARN_OBJC_LITERAL_CONVERSION = YES;
				CLANG_WARN_OBJC_ROOT_CLASS = YES_ERROR;
				CLANG_WARN_QUOTED_INCLUDE_IN_FRAMEWORK_HEADER = YES;
				CLANG_WARN_RANGE_LOOP_ANALYSIS = YES;
				CLANG_WARN_STRICT_PROTOTYPES = YES;
				CLANG_WARN_SUSPICIOUS_MOVE = YES;
				CLANG_WARN_UNGUARDED_AVAILABILITY = YES_AGGRESSIVE;
				CLANG_WARN_UNREACHABLE_CODE = YES;
				CLANG_WARN__DUPLICATE_METHOD_MATCH = YES;
				COPY_PHASE_STRIP = NO;
				DEBUG_INFORMATION_FORMAT = dwarf;
				ENABLE_STRICT_OBJC_MSGSEND = YES;
				ENABLE_TESTABILITY = YES;
				GCC_C_LANGUAGE_STANDARD = gnu11;
				GCC_DYNAMIC_NO_PIC = NO;
				GCC_NO_COMMON_BLOCKS = YES;
				GCC_OPTIMIZATION_LEVEL = 0;
				GCC_PREPROCESSOR_DEFINITIONS = (
					"DEBUG=1",
					"$(inherited)",
				);
				GCC_WARN_64_TO_32_BIT_CONVERSION = YES;
				GCC_WARN_ABOUT_RETURN_TYPE = YES_ERROR;
				GCC_WARN_UNDECLARED_SELECTOR = YES;
				GCC_WARN_UNINITIALIZED_AUTOS = YES_AGGRESSIVE;
				GCC_WARN_UNUSED_FUNCTION = YES;
				GCC_WARN_UNUSED_VARIABLE = YES;
				IPHONEOS_DEPLOYMENT_TARGET = 16.2;
				MTL_ENABLE_DEBUG_INFO = INCLUDE_SOURCE;
				MTL_FAST_MATH = YES;
				ONLY_ACTIVE_ARCH = YES;
				SDKROOT = iphoneos;
				SWIFT_ACTIVE_COMPILATION_CONDITIONS = DEBUG;
				SWIFT_OPTIMIZATION_LEVEL = "-Onone";
			};
			name = Debug;
		};
		2DFE5E37297F254E00698BED /* Release */ = {
			isa = XCBuildConfiguration;
			buildSettings = {
				ALWAYS_SEARCH_USER_PATHS = NO;
				CLANG_ANALYZER_NONNULL = YES;
				CLANG_ANALYZER_NUMBER_OBJECT_CONVERSION = YES_AGGRESSIVE;
				CLANG_CXX_LANGUAGE_STANDARD = "gnu++20";
				CLANG_ENABLE_MODULES = YES;
				CLANG_ENABLE_OBJC_ARC = YES;
				CLANG_ENABLE_OBJC_WEAK = YES;
				CLANG_WARN_BLOCK_CAPTURE_AUTORELEASING = YES;
				CLANG_WARN_BOOL_CONVERSION = YES;
				CLANG_WARN_COMMA = YES;
				CLANG_WARN_CONSTANT_CONVERSION = YES;
				CLANG_WARN_DEPRECATED_OBJC_IMPLEMENTATIONS = YES;
				CLANG_WARN_DIRECT_OBJC_ISA_USAGE = YES_ERROR;
				CLANG_WARN_DOCUMENTATION_COMMENTS = YES;
				CLANG_WARN_EMPTY_BODY = YES;
				CLANG_WARN_ENUM_CONVERSION = YES;
				CLANG_WARN_INFINITE_RECURSION = YES;
				CLANG_WARN_INT_CONVERSION = YES;
				CLANG_WARN_NON_LITERAL_NULL_CONVERSION = YES;
				CLANG_WARN_OBJC_IMPLICIT_RETAIN_SELF = YES;
				CLANG_WARN_OBJC_LITERAL_CONVERSION = YES;
				CLANG_WARN_OBJC_ROOT_CLASS = YES_ERROR;
				CLANG_WARN_QUOTED_INCLUDE_IN_FRAMEWORK_HEADER = YES;
				CLANG_WARN_RANGE_LOOP_ANALYSIS = YES;
				CLANG_WARN_STRICT_PROTOTYPES = YES;
				CLANG_WARN_SUSPICIOUS_MOVE = YES;
				CLANG_WARN_UNGUARDED_AVAILABILITY = YES_AGGRESSIVE;
				CLANG_WARN_UNREACHABLE_CODE = YES;
				CLANG_WARN__DUPLICATE_METHOD_MATCH = YES;
				COPY_PHASE_STRIP = NO;
				DEBUG_INFORMATION_FORMAT = "dwarf-with-dsym";
				ENABLE_NS_ASSERTIONS = NO;
				ENABLE_STRICT_OBJC_MSGSEND = YES;
				GCC_C_LANGUAGE_STANDARD = gnu11;
				GCC_NO_COMMON_BLOCKS = YES;
				GCC_WARN_64_TO_32_BIT_CONVERSION = YES;
				GCC_WARN_ABOUT_RETURN_TYPE = YES_ERROR;
				GCC_WARN_UNDECLARED_SELECTOR = YES;
				GCC_WARN_UNINITIALIZED_AUTOS = YES_AGGRESSIVE;
				GCC_WARN_UNUSED_FUNCTION = YES;
				GCC_WARN_UNUSED_VARIABLE = YES;
				IPHONEOS_DEPLOYMENT_TARGET = 16.2;
				MTL_ENABLE_DEBUG_INFO = NO;
				MTL_FAST_MATH = YES;
				SDKROOT = iphoneos;
				SWIFT_COMPILATION_MODE = wholemodule;
				SWIFT_OPTIMIZATION_LEVEL = "-O";
				VALIDATE_PRODUCT = YES;
			};
			name = Release;
		};
		2DFE5E39297F254E00698BED /* Debug */ = {
			isa = XCBuildConfiguration;
			buildSettings = {
				ASSETCATALOG_COMPILER_APPICON_NAME = AppIcon;
				ASSETCATALOG_COMPILER_GLOBAL_ACCENT_COLOR_NAME = AccentColor;
				CODE_SIGN_STYLE = Automatic;
				CURRENT_PROJECT_VERSION = 1;
				DEVELOPMENT_TEAM = HG8VJQPKXZ;
				GENERATE_INFOPLIST_FILE = YES;
				INFOPLIST_FILE = "GitHub-Followers/Resources/Info.plist";
				INFOPLIST_KEY_UIApplicationSupportsIndirectInputEvents = YES;
				INFOPLIST_KEY_UILaunchStoryboardName = LaunchScreen;
				INFOPLIST_KEY_UISupportedInterfaceOrientations = "UIInterfaceOrientationLandscapeLeft UIInterfaceOrientationLandscapeRight UIInterfaceOrientationPortrait";
				INFOPLIST_KEY_UISupportedInterfaceOrientations_iPad = UIInterfaceOrientationPortrait;
				IPHONEOS_DEPLOYMENT_TARGET = 15.6;
				LD_RUNPATH_SEARCH_PATHS = (
					"$(inherited)",
					"@executable_path/Frameworks",
				);
				MARKETING_VERSION = 1.0;
				PRODUCT_BUNDLE_IDENTIFIER = "dev.nsemir.GitHub-Followers";
				PRODUCT_NAME = "$(TARGET_NAME)";
				SUPPORTED_PLATFORMS = "iphoneos iphonesimulator";
				SUPPORTS_MACCATALYST = NO;
				SUPPORTS_MAC_DESIGNED_FOR_IPHONE_IPAD = NO;
				SWIFT_EMIT_LOC_STRINGS = YES;
				SWIFT_VERSION = 5.0;
				TARGETED_DEVICE_FAMILY = 1;
			};
			name = Debug;
		};
		2DFE5E3A297F254E00698BED /* Release */ = {
			isa = XCBuildConfiguration;
			buildSettings = {
				ASSETCATALOG_COMPILER_APPICON_NAME = AppIcon;
				ASSETCATALOG_COMPILER_GLOBAL_ACCENT_COLOR_NAME = AccentColor;
				CODE_SIGN_STYLE = Automatic;
				CURRENT_PROJECT_VERSION = 1;
				DEVELOPMENT_TEAM = HG8VJQPKXZ;
				GENERATE_INFOPLIST_FILE = YES;
				INFOPLIST_FILE = "GitHub-Followers/Resources/Info.plist";
				INFOPLIST_KEY_UIApplicationSupportsIndirectInputEvents = YES;
				INFOPLIST_KEY_UILaunchStoryboardName = LaunchScreen;
				INFOPLIST_KEY_UISupportedInterfaceOrientations = "UIInterfaceOrientationLandscapeLeft UIInterfaceOrientationLandscapeRight UIInterfaceOrientationPortrait";
				INFOPLIST_KEY_UISupportedInterfaceOrientations_iPad = UIInterfaceOrientationPortrait;
				IPHONEOS_DEPLOYMENT_TARGET = 15.6;
				LD_RUNPATH_SEARCH_PATHS = (
					"$(inherited)",
					"@executable_path/Frameworks",
				);
				MARKETING_VERSION = 1.0;
				PRODUCT_BUNDLE_IDENTIFIER = "dev.nsemir.GitHub-Followers";
				PRODUCT_NAME = "$(TARGET_NAME)";
				SUPPORTED_PLATFORMS = "iphoneos iphonesimulator";
				SUPPORTS_MACCATALYST = NO;
				SUPPORTS_MAC_DESIGNED_FOR_IPHONE_IPAD = NO;
				SWIFT_EMIT_LOC_STRINGS = YES;
				SWIFT_VERSION = 5.0;
				TARGETED_DEVICE_FAMILY = 1;
			};
			name = Release;
		};
/* End XCBuildConfiguration section */

/* Begin XCConfigurationList section */
		2DFE5E1F297F254D00698BED /* Build configuration list for PBXProject "GitHub-Followers" */ = {
			isa = XCConfigurationList;
			buildConfigurations = (
				2DFE5E36297F254E00698BED /* Debug */,
				2DFE5E37297F254E00698BED /* Release */,
			);
			defaultConfigurationIsVisible = 0;
			defaultConfigurationName = Release;
		};
		2DFE5E38297F254E00698BED /* Build configuration list for PBXNativeTarget "GitHub-Followers" */ = {
			isa = XCConfigurationList;
			buildConfigurations = (
				2DFE5E39297F254E00698BED /* Debug */,
				2DFE5E3A297F254E00698BED /* Release */,
			);
			defaultConfigurationIsVisible = 0;
			defaultConfigurationName = Release;
		};
/* End XCConfigurationList section */

/* Begin XCRemoteSwiftPackageReference section */
		2D369B87297F3B4A00A3F60B /* XCRemoteSwiftPackageReference "SnapKit" */ = {
			isa = XCRemoteSwiftPackageReference;
			repositoryURL = "https://github.com/SnapKit/SnapKit.git";
			requirement = {
				kind = upToNextMajorVersion;
				minimumVersion = 5.0.0;
			};
		};
/* End XCRemoteSwiftPackageReference section */

/* Begin XCSwiftPackageProductDependency section */
		2D369B88297F3B4A00A3F60B /* SnapKit */ = {
			isa = XCSwiftPackageProductDependency;
			package = 2D369B87297F3B4A00A3F60B /* XCRemoteSwiftPackageReference "SnapKit" */;
			productName = SnapKit;
		};
/* End XCSwiftPackageProductDependency section */
	};
	rootObject = 2DFE5E1C297F254D00698BED /* Project object */;
}
